
Microsoft Visual Studio Solution File, Format Version 12.00
# Visual Studio 2013
VisualStudioVersion = 12.0.31101.0
MinimumVisualStudioVersion = 10.0.40219.1
Project("{FAE04EC0-301F-11D3-BF4B-00C04F79EFBC}") = "Parser", "Parser\Parser.csproj", "{FEC3B5F9-1930-4F89-93FC-51C5F98C80AD}"
EndProject
Global
	GlobalSection(SolutionConfigurationPlatforms) = preSolution
		Debug|Any CPU = Debug|Any CPU
		Release|Any CPU = Release|Any CPU
	EndGlobalSection
	GlobalSection(ProjectConfigurationPlatforms) = postSolution
		{FEC3B5F9-1930-4F89-93FC-51C5F98C80AD}.Debug|Any CPU.ActiveCfg = Release|Any CPU
		{FEC3B5F9-1930-4F89-93FC-51C5F98C80AD}.Debug|Any CPU.Build.0 = Release|Any CPU
		{FEC3B5F9-1930-4F89-93FC-51C5F98C80AD}.Debug|Any CPU.Deploy.0 = Release|Any CPU
		{FEC3B5F9-1930-4F89-93FC-51C5F98C80AD}.Release|Any CPU.ActiveCfg = Release|Any CPU
		{FEC3B5F9-1930-4F89-93FC-51C5F98C80AD}.Release|Any CPU.Build.0 = Release|Any CPU
	EndGlobalSection
	GlobalSection(SolutionProperties) = preSolution
		HideSolutionNode = FALSE
	EndGlobalSection
EndGlobal
